
Microsoft Visual Studio Solution File, Format Version 12.00
# Visual Studio Version 16
VisualStudioVersion = 16.0.808.6
MinimumVisualStudioVersion = 10.0.40219.1
Project("{FAE04EC0-301F-11D3-BF4B-00C04F79EFBC}") = "Turnierplanung", "Turnierplanung\Turnierplanung.csproj", "{D8784885-9364-4D94-98C2-7E7CCE4D101B}"
EndProject
Global
	GlobalSection(SolutionConfigurationPlatforms) = preSolution
		Debug|anycpu = Debug|anycpu
		Release|anycpu = Release|anycpu
	EndGlobalSection
	GlobalSection(ProjectConfigurationPlatforms) = postSolution
		{D8784885-9364-4D94-98C2-7E7CCE4D101B}.Debug|anycpu.ActiveCfg = Debug|anycpu
		{D8784885-9364-4D94-98C2-7E7CCE4D101B}.Debug|anycpu.Build.0 = Debug|anycpu
		{D8784885-9364-4D94-98C2-7E7CCE4D101B}.Release|anycpu.ActiveCfg = Release|anycpu
		{D8784885-9364-4D94-98C2-7E7CCE4D101B}.Release|anycpu.Build.0 = Release|anycpu
	EndGlobalSection
	GlobalSection(SolutionProperties) = preSolution
		HideSolutionNode = FALSE
	EndGlobalSection
	GlobalSection(ExtensibilityGlobals) = postSolution
		SolutionGuid = {CCC9A186-97B2-46C8-8FBE-C0EE7DFD37B7}
	EndGlobalSection
EndGlobal
